# THIS IS AN AUTOGENERATED FILE. DO NOT EDIT THIS FILE DIRECTLY.
# yarn lockfile v1


datatables.net-bs@^2.0.3:
  version "2.1.8"
  resolved "https://registry.yarnpkg.com/datatables.net-bs/-/datatables.net-bs-2.1.8.tgz#fadbd0f97b4923518014853b638a64920fe02a67"
  integrity sha512-V3AbH2RlH8Y4T5En3RN4Jv/aiVxCeeYfbf841fL6UDzWYfx8AkGXVeJxSSVgaFhXIV7ezPpcSkEzyEq1nAEM3w==
  dependencies:
    datatables.net "2.1.8"
    jquery ">=1.7"

datatables.net@2.1.8:
  version "2.1.8"
  resolved "https://registry.yarnpkg.com/datatables.net/-/datatables.net-2.1.8.tgz#9b020f18e927cc924d72411f62dc595cc688669b"
  integrity sha512-47ULt+U4bcjbuGTpTlT6SnCuSFVRBxxdWa6X3NfvTObBJ2BZU0o+JUIl05wQ6cABNIavjbAV51gpgvFsMHL9zA==
  dependencies:
    jquery ">=1.7"

jquery@>=1.7:
  version "3.7.1"
  resolved "https://registry.yarnpkg.com/jquery/-/jquery-3.7.1.tgz#083ef98927c9a6a74d05a6af02806566d16274de"
  integrity sha512-m4avr8yL8kmFN8psrbFFFmB/If14iN5o9nw/NgnnM+kybDJpRsAynV2BsfpTYrTRysYUdADVD7CkUUizgkpLfg==

x-editable@^1.5.1:
  version "1.5.1"
  resolved "https://registry.yarnpkg.com/x-editable/-/x-editable-1.5.1.tgz#2edbb8911ef2c5d61f63f06b0cf020be0fcc5849"
  integrity sha512-eBP10/e6ETIx/TqRmwu6IR/BG0VpFyJzW+eCvAsa8ccJ+UqoYlIPslw7AulpOoym9nv04As8qROtjdU0ij8K2A==
